
Microsoft Visual Studio Solution File, Format Version 12.00
# Visual Studio Version 17
VisualStudioVersion = 17.6.33723.286
MinimumVisualStudioVersion = 10.0.40219.1
Project("{FAE04EC0-301F-11D3-BF4B-00C04F79EFBC}") = "AspectFix", "AspectFix\AspectFix.csproj", "{774027CC-D3D9-401A-8BF7-478441371614}"
EndProject
Project("{54435603-DBB4-11D2-8724-00A0C9A8B90C}") = "AspectFixSetup", "AspectFixSetup\AspectFixSetup.vdproj", "{EFF66F8B-09B7-45BF-ADC0-15A0EF51755C}"
EndProject
Global
	GlobalSection(SolutionConfigurationPlatforms) = preSolution
		Debug|Any CPU = Debug|Any CPU
		Release|Any CPU = Release|Any CPU
	EndGlobalSection
	GlobalSection(ProjectConfigurationPlatforms) = postSolution
		{774027CC-D3D9-401A-8BF7-478441371614}.Debug|Any CPU.ActiveCfg = Debug|Any CPU
		{774027CC-D3D9-401A-8BF7-478441371614}.Debug|Any CPU.Build.0 = Debug|Any CPU
		{774027CC-D3D9-401A-8BF7-478441371614}.Release|Any CPU.ActiveCfg = Release|Any CPU
		{774027CC-D3D9-401A-8BF7-478441371614}.Release|Any CPU.Build.0 = Release|Any CPU
		{EFF66F8B-09B7-45BF-ADC0-15A0EF51755C}.Debug|Any CPU.ActiveCfg = Debug
		{EFF66F8B-09B7-45BF-ADC0-15A0EF51755C}.Release|Any CPU.ActiveCfg = Release
	EndGlobalSection
	GlobalSection(SolutionProperties) = preSolution
		HideSolutionNode = FALSE
	EndGlobalSection
	GlobalSection(ExtensibilityGlobals) = postSolution
		SolutionGuid = {25754B5C-C638-4331-877C-8DE95493682A}
	EndGlobalSection
EndGlobal
